// !$*UTF8*$!
{
	archiveVersion = 1;
	classes = {
	};
	objectVersion = 50;
	objects = {

/* Begin PBXBuildFile section */
		371EAED925035F19000DC513 /* AppDelegate.swift in Sources */ = {isa = PBXBuildFile; fileRef = 371EAED825035F19000DC513 /* AppDelegate.swift */; };
		371EAEDD25035F19000DC513 /* ViewController.swift in Sources */ = {isa = PBXBuildFile; fileRef = 371EAEDC25035F19000DC513 /* ViewController.swift */; };
		371EAEE025035F19000DC513 /* Main.storyboard in Resources */ = {isa = PBXBuildFile; fileRef = 371EAEDE25035F19000DC513 /* Main.storyboard */; };
		371EAEE225035F32000DC513 /* Assets.xcassets in Resources */ = {isa = PBXBuildFile; fileRef = 371EAEE125035F32000DC513 /* Assets.xcassets */; };
		371EAEE525035F32000DC513 /* LaunchScreen.storyboard in Resources */ = {isa = PBXBuildFile; fileRef = 371EAEE325035F32000DC513 /* LaunchScreen.storyboard */; };
		371EAEED250362BD000DC513 /* CustomCell.swift in Sources */ = {isa = PBXBuildFile; fileRef = 371EAEEC250362BD000DC513 /* CustomCell.swift */; };
		371EAEEF25036642000DC513 /* ImageInfo.swift in Sources */ = {isa = PBXBuildFile; fileRef = 371EAEEE25036642000DC513 /* ImageInfo.swift */; };
		371EAEF12503710C000DC513 /* ImageData.swift in Sources */ = {isa = PBXBuildFile; fileRef = 371EAEF02503710C000DC513 /* ImageData.swift */; };
/* End PBXBuildFile section */

/* Begin PBXFileReference section */
		371EAED525035F19000DC513 /* MMAssignment.app */ = {isa = PBXFileReference; explicitFileType = wrapper.application; includeInIndex = 0; path = MMAssignment.app; sourceTree = BUILT_PRODUCTS_DIR; };
		371EAED825035F19000DC513 /* AppDelegate.swift */ = {isa = PBXFileReference; lastKnownFileType = sourcecode.swift; path = AppDelegate.swift; sourceTree = "<group>"; };
		371EAEDC25035F19000DC513 /* ViewController.swift */ = {isa = PBXFileReference; lastKnownFileType = sourcecode.swift; path = ViewController.swift; sourceTree = "<group>"; };
		371EAEDF25035F19000DC513 /* Base */ = {isa = PBXFileReference; lastKnownFileType = file.storyboard; name = Base; path = Base.lproj/Main.storyboard; sourceTree = "<group>"; };
		371EAEE125035F32000DC513 /* Assets.xcassets */ = {isa = PBXFileReference; lastKnownFileType = folder.assetcatalog; path = Assets.xcassets; sourceTree = "<group>"; };
		371EAEE425035F32000DC513 /* Base */ = {isa = PBXFileReference; lastKnownFileType = file.storyboard; name = Base; path = Base.lproj/LaunchScreen.storyboard; sourceTree = "<group>"; };
		371EAEE625035F32000DC513 /* Info.plist */ = {isa = PBXFileReference; lastKnownFileType = text.plist.xml; path = Info.plist; sourceTree = "<group>"; };
		371EAEEC250362BD000DC513 /* CustomCell.swift */ = {isa = PBXFileReference; lastKnownFileType = sourcecode.swift; path = CustomCell.swift; sourceTree = "<group>"; };
		371EAEEE25036642000DC513 /* ImageInfo.swift */ = {isa = PBXFileReference; lastKnownFileType = sourcecode.swift; path = ImageInfo.swift; sourceTree = "<group>"; };
		371EAEF02503710C000DC513 /* ImageData.swift */ = {isa = PBXFileReference; lastKnownFileType = sourcecode.swift; path = ImageData.swift; sourceTree = "<group>"; };
/* End PBXFileReference section */

/* Begin PBXFrameworksBuildPhase section */
		371EAED225035F19000DC513 /* Frameworks */ = {
			isa = PBXFrameworksBuildPhase;
			buildActionMask = 2147483647;
			files = (
			);
			runOnlyForDeploymentPostprocessing = 0;
		};
/* End PBXFrameworksBuildPhase section */

/* Begin PBXGroup section */
		371EAECC25035F18000DC513 = {
			isa = PBXGroup;
			children = (
				371EAED725035F19000DC513 /* MMAssignment */,
				371EAED625035F19000DC513 /* Products */,
			);
			sourceTree = "<group>";
		};
		371EAED625035F19000DC513 /* Products */ = {
			isa = PBXGroup;
			children = (
				371EAED525035F19000DC513 /* MMAssignment.app */,
			);
			name = Products;
			sourceTree = "<group>";
		};
		371EAED725035F19000DC513 /* MMAssignment */ = {
			isa = PBXGroup;
			children = (
				371EAED825035F19000DC513 /* AppDelegate.swift */,
				371EAEDC25035F19000DC513 /* ViewController.swift */,
				371EAEEC250362BD000DC513 /* CustomCell.swift */,
				371EAEEE25036642000DC513 /* ImageInfo.swift */,
				371EAEF02503710C000DC513 /* ImageData.swift */,
				371EAEDE25035F19000DC513 /* Main.storyboard */,
				371EAEE125035F32000DC513 /* Assets.xcassets */,
				371EAEE325035F32000DC513 /* LaunchScreen.storyboard */,
				371EAEE625035F32000DC513 /* Info.plist */,
			);
			path = MMAssignment;
			sourceTree = "<group>";
		};
/* End PBXGroup section */

/* Begin PBXNativeTarget section */
		371EAED425035F19000DC513 /* MMAssignment */ = {
			isa = PBXNativeTarget;
			buildConfigurationList = 371EAEE925035F32000DC513 /* Build configuration list for PBXNativeTarget "MMAssignment" */;
			buildPhases = (
				371EAED125035F19000DC513 /* Sources */,
				371EAED225035F19000DC513 /* Frameworks */,
				371EAED325035F19000DC513 /* Resources */,
			);
			buildRules = (
			);
			dependencies = (
			);
			name = MMAssignment;
			productName = MMAssignment;
			productReference = 371EAED525035F19000DC513 /* MMAssignment.app */;
			productType = "com.apple.product-type.application";
		};
/* End PBXNativeTarget section */

/* Begin PBXProject section */
		371EAECD25035F18000DC513 /* Project object */ = {
			isa = PBXProject;
			attributes = {
				LastSwiftUpdateCheck = 1120;
				LastUpgradeCheck = 1120;
				ORGANIZATIONNAME = "Harshal Dhokate";
				TargetAttributes = {
					371EAED425035F19000DC513 = {
						CreatedOnToolsVersion = 11.2.1;
					};
				};
			};
			buildConfigurationList = 371EAED025035F18000DC513 /* Build configuration list for PBXProject "MMAssignment" */;
			compatibilityVersion = "Xcode 9.3";
			developmentRegion = en;
			hasScannedForEncodings = 0;
			knownRegions = (
				en,
				Base,
			);
			mainGroup = 371EAECC25035F18000DC513;
			productRefGroup = 371EAED625035F19000DC513 /* Products */;
			projectDirPath = "";
			projectRoot = "";
			targets = (
				371EAED425035F19000DC513 /* MMAssignment */,
			);
		};
/* End PBXProject section */

/* Begin PBXResourcesBuildPhase section */
		371EAED325035F19000DC513 /* Resources */ = {
			isa = PBXResourcesBuildPhase;
			buildActionMask = 2147483647;
			files = (
				371EAEE525035F32000DC513 /* LaunchScreen.storyboard in Resources */,
				371EAEE225035F32000DC513 /* Assets.xcassets in Resources */,
				371EAEE025035F19000DC513 /* Main.storyboard in Resources */,
			);
			runOnlyForDeploymentPostprocessing = 0;
		};
/* End PBXResourcesBuildPhase section */

/* Begin PBXSourcesBuildPhase section */
		371EAED125035F19000DC513 /* Sources */ = {
			isa = PBXSourcesBuildPhase;
			buildActionMask = 2147483647;
			files = (
				371EAEDD25035F19000DC513 /* ViewController.swift in Sources */,
				371EAEEF25036642000DC513 /* ImageInfo.swift in Sources */,
				371EAED925035F19000DC513 /* AppDelegate.swift in Sources */,
				371EAEF12503710C000DC513 /* ImageData.swift in Sources */,
				371EAEED250362BD000DC513 /* CustomCell.swift in Sources */,
			);
			runOnlyForDeploymentPostprocessing = 0;
		};
/* End PBXSourcesBuildPhase section */

/* Begin PBXVariantGroup section */
		371EAEDE25035F19000DC513 /* Main.storyboard */ = {
			isa = PBXVariantGroup;
			children = (
				371EAEDF25035F19000DC513 /* Base */,
			);
			name = Main.storyboard;
			sourceTree = "<group>";
		};
		371EAEE325035F32000DC513 /* LaunchScreen.storyboard */ = {
			isa = PBXVariantGroup;
			children = (
				371EAEE425035F32000DC513 /* Base */,
			);
			name = LaunchScreen.storyboard;
			sourceTree = "<group>";
		};
/* End PBXVariantGroup section */

/* Begin XCBuildConfiguration section */
		371EAEE725035F32000DC513 /* Debug */ = {
			isa = XCBuildConfiguration;
			buildSettings = {
				ALWAYS_SEARCH_USER_PATHS = NO;
				CLANG_ANALYZER_NONNULL = YES;
				CLANG_ANALYZER_NUMBER_OBJECT_CONVERSION = YES_AGGRESSIVE;
				CLANG_CXX_LANGUAGE_STANDARD = "gnu++14";
				CLANG_CXX_LIBRARY = "libc++";
				CLANG_ENABLE_MODULES = YES;
				CLANG_ENABLE_OBJC_ARC = YES;
				CLANG_ENABLE_OBJC_WEAK = YES;
				CLANG_WARN_BLOCK_CAPTURE_AUTORELEASING = YES;
				CLANG_WARN_BOOL_CONVERSION = YES;
				CLANG_WARN_COMMA = YES;
				CLANG_WARN_CONSTANT_CONVERSION = YES;
				CLANG_WARN_DEPRECATED_OBJC_IMPLEMENTATIONS = YES;
				CLANG_WARN_DIRECT_OBJC_ISA_USAGE = YES_ERROR;
				CLANG_WARN_DOCUMENTATION_COMMENTS = YES;
				CLANG_WARN_EMPTY_BODY = YES;
				CLANG_WARN_ENUM_CONVERSION = YES;
				CLANG_WARN_INFINITE_RECURSION = YES;
				CLANG_WARN_INT_CONVERSION = YES;
				CLANG_WARN_NON_LITERAL_NULL_CONVERSION = YES;
				CLANG_WARN_OBJC_IMPLICIT_RETAIN_SELF = YES;
				CLANG_WARN_OBJC_LITERAL_CONVERSION = YES;
				CLANG_WARN_OBJC_ROOT_CLASS = YES_ERROR;
				CLANG_WARN_RANGE_LOOP_ANALYSIS = YES;
				CLANG_WARN_STRICT_PROTOTYPES = YES;
				CLANG_WARN_SUSPICIOUS_MOVE = YES;
				CLANG_WARN_UNGUARDED_AVAILABILITY = YES_AGGRESSIVE;
				CLANG_WARN_UNREACHABLE_CODE = YES;
				CLANG_WARN__DUPLICATE_METHOD_MATCH = YES;
				COPY_PHASE_STRIP = NO;
				DEBUG_INFORMATION_FORMAT = dwarf;
				ENABLE_STRICT_OBJC_MSGSEND = YES;
				ENABLE_TESTABILITY = YES;
				GCC_C_LANGUAGE_STANDARD = gnu11;
				GCC_DYNAMIC_NO_PIC = NO;
				GCC_NO_COMMON_BLOCKS = YES;
				GCC_OPTIMIZATION_LEVEL = 0;
				GCC_PREPROCESSOR_DEFINITIONS = (
					"DEBUG=1",
					"$(inherited)",
				);
				GCC_WARN_64_TO_32_BIT_CONVERSION = YES;
				GCC_WARN_ABOUT_RETURN_TYPE = YES_ERROR;
				GCC_WARN_UNDECLARED_SELECTOR = YES;
				GCC_WARN_UNINITIALIZED_AUTOS = YES_AGGRESSIVE;
				GCC_WARN_UNUSED_FUNCTION = YES;
				GCC_WARN_UNUSED_VARIABLE = YES;
				IPHONEOS_DEPLOYMENT_TARGET = 9.0;
				MTL_ENABLE_DEBUG_INFO = INCLUDE_SOURCE;
				MTL_FAST_MATH = YES;
				ONLY_ACTIVE_ARCH = YES;
				SDKROOT = iphoneos;
				SWIFT_ACTIVE_COMPILATION_CONDITIONS = DEBUG;
				SWIFT_OPTIMIZATION_LEVEL = "-Onone";
			};
			name = Debug;
		};
		371EAEE825035F32000DC513 /* Release */ = {
			isa = XCBuildConfiguration;
			buildSettings = {
				ALWAYS_SEARCH_USER_PATHS = NO;
				CLANG_ANALYZER_NONNULL = YES;
				CLANG_ANALYZER_NUMBER_OBJECT_CONVERSION = YES_AGGRESSIVE;
				CLANG_CXX_LANGUAGE_STANDARD = "gnu++14";
				CLANG_CXX_LIBRARY = "libc++";
				CLANG_ENABLE_MODULES = YES;
				CLANG_ENABLE_OBJC_ARC = YES;
				CLANG_ENABLE_OBJC_WEAK = YES;
				CLANG_WARN_BLOCK_CAPTURE_AUTORELEASING = YES;
				CLANG_WARN_BOOL_CONVERSION = YES;
				CLANG_WARN_COMMA = YES;
				CLANG_WARN_CONSTANT_CONVERSION = YES;
				CLANG_WARN_DEPRECATED_OBJC_IMPLEMENTATIONS = YES;
				CLANG_WARN_DIRECT_OBJC_ISA_USAGE = YES_ERROR;
				CLANG_WARN_DOCUMENTATION_COMMENTS = YES;
				CLANG_WARN_EMPTY_BODY = YES;
				CLANG_WARN_ENUM_CONVERSION = YES;
				CLANG_WARN_INFINITE_RECURSION = YES;
				CLANG_WARN_INT_CONVERSION = YES;
				CLANG_WARN_NON_LITERAL_NULL_CONVERSION = YES;
				CLANG_WARN_OBJC_IMPLICIT_RETAIN_SELF = YES;
				CLANG_WARN_OBJC_LITERAL_CONVERSION = YES;
				CLANG_WARN_OBJC_ROOT_CLASS = YES_ERROR;
				CLANG_WARN_RANGE_LOOP_ANALYSIS = YES;
				CLANG_WARN_STRICT_PROTOTYPES = YES;
				CLANG_WARN_SUSPICIOUS_MOVE = YES;
				CLANG_WARN_UNGUARDED_AVAILABILITY = YES_AGGRESSIVE;
				CLANG_WARN_UNREACHABLE_CODE = YES;
				CLANG_WARN__DUPLICATE_METHOD_MATCH = YES;
				COPY_PHASE_STRIP = NO;
				DEBUG_INFORMATION_FORMAT = "dwarf-with-dsym";
				ENABLE_NS_ASSERTIONS = NO;
				ENABLE_STRICT_OBJC_MSGSEND = YES;
				GCC_C_LANGUAGE_STANDARD = gnu11;
				GCC_NO_COMMON_BLOCKS = YES;
				GCC_WARN_64_TO_32_BIT_CONVERSION = YES;
				GCC_WARN_ABOUT_RETURN_TYPE = YES_ERROR;
				GCC_WARN_UNDECLARED_SELECTOR = YES;
				GCC_WARN_UNINITIALIZED_AUTOS = YES_AGGRESSIVE;
				GCC_WARN_UNUSED_FUNCTION = YES;
				GCC_WARN_UNUSED_VARIABLE = YES;
				IPHONEOS_DEPLOYMENT_TARGET = 9.0;
				MTL_ENABLE_DEBUG_INFO = NO;
				MTL_FAST_MATH = YES;
				SDKROOT = iphoneos;
				SWIFT_COMPILATION_MODE = wholemodule;
				SWIFT_OPTIMIZATION_LEVEL = "-O";
				VALIDATE_PRODUCT = YES;
			};
			name = Release;
		};
		371EAEEA25035F32000DC513 /* Debug */ = {
			isa = XCBuildConfiguration;
			buildSettings = {
				ASSETCATALOG_COMPILER_APPICON_NAME = AppIcon;
				CODE_SIGN_STYLE = Automatic;
				DEVELOPMENT_TEAM = 9ZQG88LNAR;
				INFOPLIST_FILE = MMAssignment/Info.plist;
				IPHONEOS_DEPLOYMENT_TARGET = 9.0;
				LD_RUNPATH_SEARCH_PATHS = (
					"$(inherited)",
					"@executable_path/Frameworks",
				);
				PRODUCT_BUNDLE_IDENTIFIER = "com.harshal.-";
				PRODUCT_NAME = "$(TARGET_NAME)";
				SWIFT_VERSION = 5.0;
				TARGETED_DEVICE_FAMILY = "1,2";
			};
			name = Debug;
		};
		371EAEEB25035F32000DC513 /* Release */ = {
			isa = XCBuildConfiguration;
			buildSettings = {
				ASSETCATALOG_COMPILER_APPICON_NAME = AppIcon;
				CODE_SIGN_STYLE = Automatic;
				DEVELOPMENT_TEAM = 9ZQG88LNAR;
				INFOPLIST_FILE = MMAssignment/Info.plist;
				IPHONEOS_DEPLOYMENT_TARGET = 9.0;
				LD_RUNPATH_SEARCH_PATHS = (
					"$(inherited)",
					"@executable_path/Frameworks",
				);
				PRODUCT_BUNDLE_IDENTIFIER = "com.harshal.-";
				PRODUCT_NAME = "$(TARGET_NAME)";
				SWIFT_VERSION = 5.0;
				TARGETED_DEVICE_FAMILY = "1,2";
			};
			name = Release;
		};
/* End XCBuildConfiguration section */

/* Begin XCConfigurationList section */
		371EAED025035F18000DC513 /* Build configuration list for PBXProject "MMAssignment" */ = {
			isa = XCConfigurationList;
			buildConfigurations = (
				371EAEE725035F32000DC513 /* Debug */,
				371EAEE825035F32000DC513 /* Release */,
			);
			defaultConfigurationIsVisible = 0;
			defaultConfigurationName = Release;
		};
		371EAEE925035F32000DC513 /* Build configuration list for PBXNativeTarget "MMAssignment" */ = {
			isa = XCConfigurationList;
			buildConfigurations = (
				371EAEEA25035F32000DC513 /* Debug */,
				371EAEEB25035F32000DC513 /* Release */,
			);
			defaultConfigurationIsVisible = 0;
			defaultConfigurationName = Release;
		};
/* End XCConfigurationList section */
	};
	rootObject = 371EAECD25035F18000DC513 /* Project object */;
}
